
Microsoft Visual Studio Solution File, Format Version 12.00
# Visual Studio 15
VisualStudioVersion = 15.0.28010.2036
MinimumVisualStudioVersion = 10.0.40219.1
Project("{FAE04EC0-301F-11D3-BF4B-00C04F79EFBC}") = "SmartHome.Android", "SmartHome\SmartHome.Android\SmartHome.Android.csproj", "{7D3EF7AE-1CDD-41E6-AF36-DFDA2FAFC408}"
EndProject
Project("{FAE04EC0-301F-11D3-BF4B-00C04F79EFBC}") = "SmartHome.iOS", "SmartHome\SmartHome.iOS\SmartHome.iOS.csproj", "{F3C9FE28-FBF4-4F4F-8E91-A35A6ABAECB9}"
EndProject
Project("{9A19103F-16F7-4668-BE54-9A1E7A4F7556}") = "SmartHome", "SmartHome\SmartHome\SmartHome.csproj", "{66175785-94E4-4A9C-9D0D-7F58DAB6B525}"
EndProject
Global
	GlobalSection(SolutionConfigurationPlatforms) = preSolution
		Ad-Hoc|Any CPU = Ad-Hoc|Any CPU
		Ad-Hoc|iPhone = Ad-Hoc|iPhone
		Ad-Hoc|iPhoneSimulator = Ad-Hoc|iPhoneSimulator
		AppStore|Any CPU = AppStore|Any CPU
		AppStore|iPhone = AppStore|iPhone
		AppStore|iPhoneSimulator = AppStore|iPhoneSimulator
		Debug|Any CPU = Debug|Any CPU
		Debug|iPhone = Debug|iPhone
		Debug|iPhoneSimulator = Debug|iPhoneSimulator
		Release|Any CPU = Release|Any CPU
		Release|iPhone = Release|iPhone
		Release|iPhoneSimulator = Release|iPhoneSimulator
	EndGlobalSection
	GlobalSection(ProjectConfigurationPlatforms) = postSolution
		{7D3EF7AE-1CDD-41E6-AF36-DFDA2FAFC408}.Ad-Hoc|Any CPU.ActiveCfg = Release|Any CPU
		{7D3EF7AE-1CDD-41E6-AF36-DFDA2FAFC408}.Ad-Hoc|Any CPU.Build.0 = Release|Any CPU
		{7D3EF7AE-1CDD-41E6-AF36-DFDA2FAFC408}.Ad-Hoc|Any CPU.Deploy.0 = Release|Any CPU
		{7D3EF7AE-1CDD-41E6-AF36-DFDA2FAFC408}.Ad-Hoc|iPhone.ActiveCfg = Release|Any CPU
		{7D3EF7AE-1CDD-41E6-AF36-DFDA2FAFC408}.Ad-Hoc|iPhone.Build.0 = Release|Any CPU
		{7D3EF7AE-1CDD-41E6-AF36-DFDA2FAFC408}.Ad-Hoc|iPhone.Deploy.0 = Release|Any CPU
		{7D3EF7AE-1CDD-41E6-AF36-DFDA2FAFC408}.Ad-Hoc|iPhoneSimulator.ActiveCfg = Release|Any CPU
		{7D3EF7AE-1CDD-41E6-AF36-DFDA2FAFC408}.Ad-Hoc|iPhoneSimulator.Build.0 = Release|Any CPU
		{7D3EF7AE-1CDD-41E6-AF36-DFDA2FAFC408}.Ad-Hoc|iPhoneSimulator.Deploy.0 = Release|Any CPU
		{7D3EF7AE-1CDD-41E6-AF36-DFDA2FAFC408}.AppStore|Any CPU.ActiveCfg = Release|Any CPU
		{7D3EF7AE-1CDD-41E6-AF36-DFDA2FAFC408}.AppStore|Any CPU.Build.0 = Release|Any CPU
		{7D3EF7AE-1CDD-41E6-AF36-DFDA2FAFC408}.AppStore|Any CPU.Deploy.0 = Release|Any CPU
		{7D3EF7AE-1CDD-41E6-AF36-DFDA2FAFC408}.AppStore|iPhone.ActiveCfg = Release|Any CPU
		{7D3EF7AE-1CDD-41E6-AF36-DFDA2FAFC408}.AppStore|iPhone.Build.0 = Release|Any CPU
		{7D3EF7AE-1CDD-41E6-AF36-DFDA2FAFC408}.AppStore|iPhone.Deploy.0 = Release|Any CPU
		{7D3EF7AE-1CDD-41E6-AF36-DFDA2FAFC408}.AppStore|iPhoneSimulator.ActiveCfg = Release|Any CPU
		{7D3EF7AE-1CDD-41E6-AF36-DFDA2FAFC408}.AppStore|iPhoneSimulator.Build.0 = Release|Any CPU
		{7D3EF7AE-1CDD-41E6-AF36-DFDA2FAFC408}.AppStore|iPhoneSimulator.Deploy.0 = Release|Any CPU
		{7D3EF7AE-1CDD-41E6-AF36-DFDA2FAFC408}.Debug|Any CPU.ActiveCfg = Debug|Any CPU
		{7D3EF7AE-1CDD-41E6-AF36-DFDA2FAFC408}.Debug|Any CPU.Build.0 = Debug|Any CPU
		{7D3EF7AE-1CDD-41E6-AF36-DFDA2FAFC408}.Debug|Any CPU.Deploy.0 = Debug|Any CPU
		{7D3EF7AE-1CDD-41E6-AF36-DFDA2FAFC408}.Debug|iPhone.ActiveCfg = Debug|Any CPU
		{7D3EF7AE-1CDD-41E6-AF36-DFDA2FAFC408}.Debug|iPhone.Build.0 = Debug|Any CPU
		{7D3EF7AE-1CDD-41E6-AF36-DFDA2FAFC408}.Debug|iPhone.Deploy.0 = Debug|Any CPU
		{7D3EF7AE-1CDD-41E6-AF36-DFDA2FAFC408}.Debug|iPhoneSimulator.ActiveCfg = Debug|Any CPU
		{7D3EF7AE-1CDD-41E6-AF36-DFDA2FAFC408}.Debug|iPhoneSimulator.Build.0 = Debug|Any CPU
		{7D3EF7AE-1CDD-41E6-AF36-DFDA2FAFC408}.Debug|iPhoneSimulator.Deploy.0 = Debug|Any CPU
		{7D3EF7AE-1CDD-41E6-AF36-DFDA2FAFC408}.Release|Any CPU.ActiveCfg = Release|Any CPU
		{7D3EF7AE-1CDD-41E6-AF36-DFDA2FAFC408}.Release|Any CPU.Build.0 = Release|Any CPU
		{7D3EF7AE-1CDD-41E6-AF36-DFDA2FAFC408}.Release|Any CPU.Deploy.0 = Release|Any CPU
		{7D3EF7AE-1CDD-41E6-AF36-DFDA2FAFC408}.Release|iPhone.ActiveCfg = Release|Any CPU
		{7D3EF7AE-1CDD-41E6-AF36-DFDA2FAFC408}.Release|iPhone.Build.0 = Release|Any CPU
		{7D3EF7AE-1CDD-41E6-AF36-DFDA2FAFC408}.Release|iPhone.Deploy.0 = Release|Any CPU
		{7D3EF7AE-1CDD-41E6-AF36-DFDA2FAFC408}.Release|iPhoneSimulator.ActiveCfg = Release|Any CPU
		{7D3EF7AE-1CDD-41E6-AF36-DFDA2FAFC408}.Release|iPhoneSimulator.Build.0 = Release|Any CPU
		{7D3EF7AE-1CDD-41E6-AF36-DFDA2FAFC408}.Release|iPhoneSimulator.Deploy.0 = Release|Any CPU
		{F3C9FE28-FBF4-4F4F-8E91-A35A6ABAECB9}.Ad-Hoc|Any CPU.ActiveCfg = Ad-Hoc|iPhone
		{F3C9FE28-FBF4-4F4F-8E91-A35A6ABAECB9}.Ad-Hoc|Any CPU.Build.0 = Ad-Hoc|iPhone
		{F3C9FE28-FBF4-4F4F-8E91-A35A6ABAECB9}.Ad-Hoc|Any CPU.Deploy.0 = Ad-Hoc|iPhone
		{F3C9FE28-FBF4-4F4F-8E91-A35A6ABAECB9}.Ad-Hoc|iPhone.ActiveCfg = Ad-Hoc|iPhone
		{F3C9FE28-FBF4-4F4F-8E91-A35A6ABAECB9}.Ad-Hoc|iPhone.Build.0 = Ad-Hoc|iPhone
		{F3C9FE28-FBF4-4F4F-8E91-A35A6ABAECB9}.Ad-Hoc|iPhone.Deploy.0 = Ad-Hoc|iPhone
		{F3C9FE28-FBF4-4F4F-8E91-A35A6ABAECB9}.Ad-Hoc|iPhoneSimulator.ActiveCfg = Ad-Hoc|iPhoneSimulator
		{F3C9FE28-FBF4-4F4F-8E91-A35A6ABAECB9}.Ad-Hoc|iPhoneSimulator.Build.0 = Ad-Hoc|iPhoneSimulator
		{F3C9FE28-FBF4-4F4F-8E91-A35A6ABAECB9}.Ad-Hoc|iPhoneSimulator.Deploy.0 = Ad-Hoc|iPhoneSimulator
		{F3C9FE28-FBF4-4F4F-8E91-A35A6ABAECB9}.AppStore|Any CPU.ActiveCfg = AppStore|iPhone
		{F3C9FE28-FBF4-4F4F-8E91-A35A6ABAECB9}.AppStore|Any CPU.Build.0 = AppStore|iPhone
		{F3C9FE28-FBF4-4F4F-8E91-A35A6ABAECB9}.AppStore|Any CPU.Deploy.0 = AppStore|iPhone
		{F3C9FE28-FBF4-4F4F-8E91-A35A6ABAECB9}.AppStore|iPhone.ActiveCfg = AppStore|iPhone
		{F3C9FE28-FBF4-4F4F-8E91-A35A6ABAECB9}.AppStore|iPhone.Build.0 = AppStore|iPhone
		{F3C9FE28-FBF4-4F4F-8E91-A35A6ABAECB9}.AppStore|iPhone.Deploy.0 = AppStore|iPhone
		{F3C9FE28-FBF4-4F4F-8E91-A35A6ABAECB9}.AppStore|iPhoneSimulator.ActiveCfg = AppStore|iPhoneSimulator
		{F3C9FE28-FBF4-4F4F-8E91-A35A6ABAECB9}.AppStore|iPhoneSimulator.Build.0 = AppStore|iPhoneSimulator
		{F3C9FE28-FBF4-4F4F-8E91-A35A6ABAECB9}.AppStore|iPhoneSimulator.Deploy.0 = AppStore|iPhoneSimulator
		{F3C9FE28-FBF4-4F4F-8E91-A35A6ABAECB9}.Debug|Any CPU.ActiveCfg = Debug|iPhoneSimulator
		{F3C9FE28-FBF4-4F4F-8E91-A35A6ABAECB9}.Debug|Any CPU.Build.0 = Debug|iPhoneSimulator
		{F3C9FE28-FBF4-4F4F-8E91-A35A6ABAECB9}.Debug|Any CPU.Deploy.0 = Debug|iPhoneSimulator
		{F3C9FE28-FBF4-4F4F-8E91-A35A6ABAECB9}.Debug|iPhone.ActiveCfg = Debug|iPhone
		{F3C9FE28-FBF4-4F4F-8E91-A35A6ABAECB9}.Debug|iPhone.Build.0 = Debug|iPhone
		{F3C9FE28-FBF4-4F4F-8E91-A35A6ABAECB9}.Debug|iPhone.Deploy.0 = Debug|iPhone
		{F3C9FE28-FBF4-4F4F-8E91-A35A6ABAECB9}.Debug|iPhoneSimulator.ActiveCfg = Debug|iPhoneSimulator
		{F3C9FE28-FBF4-4F4F-8E91-A35A6ABAECB9}.Debug|iPhoneSimulator.Build.0 = Debug|iPhoneSimulator
		{F3C9FE28-FBF4-4F4F-8E91-A35A6ABAECB9}.Debug|iPhoneSimulator.Deploy.0 = Debug|iPhoneSimulator
		{F3C9FE28-FBF4-4F4F-8E91-A35A6ABAECB9}.Release|Any CPU.ActiveCfg = Release|iPhone
		{F3C9FE28-FBF4-4F4F-8E91-A35A6ABAECB9}.Release|Any CPU.Build.0 = Release|iPhone
		{F3C9FE28-FBF4-4F4F-8E91-A35A6ABAECB9}.Release|Any CPU.Deploy.0 = Release|iPhone
		{F3C9FE28-FBF4-4F4F-8E91-A35A6ABAECB9}.Release|iPhone.ActiveCfg = Release|iPhone
		{F3C9FE28-FBF4-4F4F-8E91-A35A6ABAECB9}.Release|iPhone.Build.0 = Release|iPhone
		{F3C9FE28-FBF4-4F4F-8E91-A35A6ABAECB9}.Release|iPhone.Deploy.0 = Release|iPhone
		{F3C9FE28-FBF4-4F4F-8E91-A35A6ABAECB9}.Release|iPhoneSimulator.ActiveCfg = Release|iPhoneSimulator
		{F3C9FE28-FBF4-4F4F-8E91-A35A6ABAECB9}.Release|iPhoneSimulator.Build.0 = Release|iPhoneSimulator
		{F3C9FE28-FBF4-4F4F-8E91-A35A6ABAECB9}.Release|iPhoneSimulator.Deploy.0 = Release|iPhoneSimulator
		{66175785-94E4-4A9C-9D0D-7F58DAB6B525}.Ad-Hoc|Any CPU.ActiveCfg = Debug|Any CPU
		{66175785-94E4-4A9C-9D0D-7F58DAB6B525}.Ad-Hoc|Any CPU.Build.0 = Debug|Any CPU
		{66175785-94E4-4A9C-9D0D-7F58DAB6B525}.Ad-Hoc|Any CPU.Deploy.0 = Debug|Any CPU
		{66175785-94E4-4A9C-9D0D-7F58DAB6B525}.Ad-Hoc|iPhone.ActiveCfg = Debug|Any CPU
		{66175785-94E4-4A9C-9D0D-7F58DAB6B525}.Ad-Hoc|iPhone.Build.0 = Debug|Any CPU
		{66175785-94E4-4A9C-9D0D-7F58DAB6B525}.Ad-Hoc|iPhone.Deploy.0 = Debug|Any CPU
		{66175785-94E4-4A9C-9D0D-7F58DAB6B525}.Ad-Hoc|iPhoneSimulator.ActiveCfg = Debug|Any CPU
		{66175785-94E4-4A9C-9D0D-7F58DAB6B525}.Ad-Hoc|iPhoneSimulator.Build.0 = Debug|Any CPU
		{66175785-94E4-4A9C-9D0D-7F58DAB6B525}.Ad-Hoc|iPhoneSimulator.Deploy.0 = Debug|Any CPU
		{66175785-94E4-4A9C-9D0D-7F58DAB6B525}.AppStore|Any CPU.ActiveCfg = Debug|Any CPU
		{66175785-94E4-4A9C-9D0D-7F58DAB6B525}.AppStore|Any CPU.Build.0 = Debug|Any CPU
		{66175785-94E4-4A9C-9D0D-7F58DAB6B525}.AppStore|Any CPU.Deploy.0 = Debug|Any CPU
		{66175785-94E4-4A9C-9D0D-7F58DAB6B525}.AppStore|iPhone.ActiveCfg = Debug|Any CPU
		{66175785-94E4-4A9C-9D0D-7F58DAB6B525}.AppStore|iPhone.Build.0 = Debug|Any CPU
		{66175785-94E4-4A9C-9D0D-7F58DAB6B525}.AppStore|iPhone.Deploy.0 = Debug|Any CPU
		{66175785-94E4-4A9C-9D0D-7F58DAB6B525}.AppStore|iPhoneSimulator.ActiveCfg = Debug|Any CPU
		{66175785-94E4-4A9C-9D0D-7F58DAB6B525}.AppStore|iPhoneSimulator.Build.0 = Debug|Any CPU
		{66175785-94E4-4A9C-9D0D-7F58DAB6B525}.AppStore|iPhoneSimulator.Deploy.0 = Debug|Any CPU
		{66175785-94E4-4A9C-9D0D-7F58DAB6B525}.Debug|Any CPU.ActiveCfg = Debug|Any CPU
		{66175785-94E4-4A9C-9D0D-7F58DAB6B525}.Debug|Any CPU.Build.0 = Debug|Any CPU
		{66175785-94E4-4A9C-9D0D-7F58DAB6B525}.Debug|Any CPU.Deploy.0 = Debug|Any CPU
		{66175785-94E4-4A9C-9D0D-7F58DAB6B525}.Debug|iPhone.ActiveCfg = Debug|Any CPU
		{66175785-94E4-4A9C-9D0D-7F58DAB6B525}.Debug|iPhone.Build.0 = Debug|Any CPU
		{66175785-94E4-4A9C-9D0D-7F58DAB6B525}.Debug|iPhone.Deploy.0 = Debug|Any CPU
		{66175785-94E4-4A9C-9D0D-7F58DAB6B525}.Debug|iPhoneSimulator.ActiveCfg = Debug|Any CPU
		{66175785-94E4-4A9C-9D0D-7F58DAB6B525}.Debug|iPhoneSimulator.Build.0 = Debug|Any CPU
		{66175785-94E4-4A9C-9D0D-7F58DAB6B525}.Debug|iPhoneSimulator.Deploy.0 = Debug|Any CPU
		{66175785-94E4-4A9C-9D0D-7F58DAB6B525}.Release|Any CPU.ActiveCfg = Release|Any CPU
		{66175785-94E4-4A9C-9D0D-7F58DAB6B525}.Release|Any CPU.Build.0 = Release|Any CPU
		{66175785-94E4-4A9C-9D0D-7F58DAB6B525}.Release|Any CPU.Deploy.0 = Release|Any CPU
		{66175785-94E4-4A9C-9D0D-7F58DAB6B525}.Release|iPhone.ActiveCfg = Release|Any CPU
		{66175785-94E4-4A9C-9D0D-7F58DAB6B525}.Release|iPhone.Build.0 = Release|Any CPU
		{66175785-94E4-4A9C-9D0D-7F58DAB6B525}.Release|iPhone.Deploy.0 = Release|Any CPU
		{66175785-94E4-4A9C-9D0D-7F58DAB6B525}.Release|iPhoneSimulator.ActiveCfg = Release|Any CPU
		{66175785-94E4-4A9C-9D0D-7F58DAB6B525}.Release|iPhoneSimulator.Build.0 = Release|Any CPU
		{66175785-94E4-4A9C-9D0D-7F58DAB6B525}.Release|iPhoneSimulator.Deploy.0 = Release|Any CPU
	EndGlobalSection
	GlobalSection(SolutionProperties) = preSolution
		HideSolutionNode = FALSE
	EndGlobalSection
	GlobalSection(ExtensibilityGlobals) = postSolution
		SolutionGuid = {A78FD485-7C0C-4F49-A8D4-D54EE2BDC268}
	EndGlobalSection
EndGlobal
